---
schema: '2.0'
stages:
  build:
    cmd: stages/03_build.sh
    deps:
    - md5: 38a2af1e7bc47fab41385fd7f1d1e599.dir
      nfiles: 42
      path: raw
      size: 590116623
    - md5: ad705d3aff32f182707d7aa88a87fd18
      path: stages/03_build.sh
      size: 410
    - md5: 9da058902b8002e43d6be8fed1d67a6f
      path: stages/csv2parquet.py
      size: 1071
    outs:
    - md5: f312db08fa5471b23ed2cd8f6c1d5b30.dir
      nfiles: 3
      path: brick
      size: 24351122
  download:
    cmd: stages/01_download.sh
    deps:
    - md5: 126d8cbee57a38e475ddf0d9f94172ab
      path: stages/01_download.sh
      size: 543
    outs:
    - md5: 6cb077240a83b30e07bc8bcb22edcccc.dir
      nfiles: 1
      path: download
      size: 238862642
  unzip:
    cmd: stages/02_unzip.sh
    deps:
    - md5: 6cb077240a83b30e07bc8bcb22edcccc.dir
      nfiles: 1
      path: download
      size: 238862642
    - md5: 86c4c2186b9553adc3d7bdce81081e6c
      path: stages/02_unzip.sh
      size: 602
    outs:
    - md5: 38a2af1e7bc47fab41385fd7f1d1e599.dir
      nfiles: 42
      path: raw
      size: 590116623
